
Microsoft Visual Studio Solution File, Format Version 12.00
# Visual Studio 15
VisualStudioVersion = 15.0.28010.2003
MinimumVisualStudioVersion = 10.0.40219.1
Project("{8BC9CEB8-8B4A-11D0-8D11-00A0C91BC942}") = "BinarySearchTree", "BinarySearchTree\BinarySearchTree.vcxproj", "{5B814CEB-02A9-4E65-A8C2-094B8EBA2667}"
EndProject
Global
	GlobalSection(SolutionConfigurationPlatforms) = preSolution
		Debug|x64 = Debug|x64
		Debug|x86 = Debug|x86
		Release|x64 = Release|x64
		Release|x86 = Release|x86
	EndGlobalSection
	GlobalSection(ProjectConfigurationPlatforms) = postSolution
		{5B814CEB-02A9-4E65-A8C2-094B8EBA2667}.Debug|x64.ActiveCfg = Debug|x64
		{5B814CEB-02A9-4E65-A8C2-094B8EBA2667}.Debug|x64.Build.0 = Debug|x64
		{5B814CEB-02A9-4E65-A8C2-094B8EBA2667}.Debug|x86.ActiveCfg = Debug|Win32
		{5B814CEB-02A9-4E65-A8C2-094B8EBA2667}.Debug|x86.Build.0 = Debug|Win32
		{5B814CEB-02A9-4E65-A8C2-094B8EBA2667}.Release|x64.ActiveCfg = Release|x64
		{5B814CEB-02A9-4E65-A8C2-094B8EBA2667}.Release|x64.Build.0 = Release|x64
		{5B814CEB-02A9-4E65-A8C2-094B8EBA2667}.Release|x86.ActiveCfg = Release|Win32
		{5B814CEB-02A9-4E65-A8C2-094B8EBA2667}.Release|x86.Build.0 = Release|Win32
	EndGlobalSection
	GlobalSection(SolutionProperties) = preSolution
		HideSolutionNode = FALSE
	EndGlobalSection
	GlobalSection(ExtensibilityGlobals) = postSolution
		SolutionGuid = {A58B088B-88C5-40D3-99A4-80D7A0411069}
	EndGlobalSection
EndGlobal
